
Microsoft Visual Studio Solution File, Format Version 12.00
# Visual Studio Version 17
VisualStudioVersion = 17.5.002.0
MinimumVisualStudioVersion = 10.0.40219.1
Project("{9A19103F-16F7-4668-BE54-9A1E7A4F7556}") = "Tarea_9_Docker", "Tarea_9_Docker.csproj", "{E11FC00E-C288-4341-A228-7C88411EB2EF}"
EndProject
Global
	GlobalSection(SolutionConfigurationPlatforms) = preSolution
		Debug|Any CPU = Debug|Any CPU
		Release|Any CPU = Release|Any CPU
	EndGlobalSection
	GlobalSection(ProjectConfigurationPlatforms) = postSolution
		{E11FC00E-C288-4341-A228-7C88411EB2EF}.Debug|Any CPU.ActiveCfg = Debug|Any CPU
		{E11FC00E-C288-4341-A228-7C88411EB2EF}.Debug|Any CPU.Build.0 = Debug|Any CPU
		{E11FC00E-C288-4341-A228-7C88411EB2EF}.Release|Any CPU.ActiveCfg = Release|Any CPU
		{E11FC00E-C288-4341-A228-7C88411EB2EF}.Release|Any CPU.Build.0 = Release|Any CPU
	EndGlobalSection
	GlobalSection(SolutionProperties) = preSolution
		HideSolutionNode = FALSE
	EndGlobalSection
	GlobalSection(ExtensibilityGlobals) = postSolution
		SolutionGuid = {66A7AB8C-EEAE-4BA2-8179-F9EE8D168E97}
	EndGlobalSection
EndGlobal
